// !$*UTF8*$!
{
	archiveVersion = 1;
	classes = {
	};
	objectVersion = 56;
	objects = {

/* Begin PBXBuildFile section */
		28D2AED12919FCEE0022F654 /* ScannerViewController.swift in Sources */ = {isa = PBXBuildFile; fileRef = 28D2AED02919FCEE0022F654 /* ScannerViewController.swift */; };
		B600DC1928F9E6B2003DC276 /* GoogleService-Info.plist in Resources */ = {isa = PBXBuildFile; fileRef = B600DC1828F9E6B2003DC276 /* GoogleService-Info.plist */; };
		B600DC1C28F9E88E003DC276 /* FirebaseAuth in Frameworks */ = {isa = PBXBuildFile; productRef = B600DC1B28F9E88E003DC276 /* FirebaseAuth */; };
		B6B4A1B329218A8F000CD6DD /* FirebaseStorage in Frameworks */ = {isa = PBXBuildFile; productRef = B6B4A1B229218A8F000CD6DD /* FirebaseStorage */; };
		B6CFF39F29158B880074167D /* FirebaseFirestore in Frameworks */ = {isa = PBXBuildFile; productRef = B6CFF39E29158B880074167D /* FirebaseFirestore */; };
		B6E7F4C328F333BE0004B6BF /* AppDelegate.swift in Sources */ = {isa = PBXBuildFile; fileRef = B6E7F4C228F333BE0004B6BF /* AppDelegate.swift */; };
		B6E7F4C528F333BE0004B6BF /* SceneDelegate.swift in Sources */ = {isa = PBXBuildFile; fileRef = B6E7F4C428F333BE0004B6BF /* SceneDelegate.swift */; };
		B6E7F4CA28F333BE0004B6BF /* Main.storyboard in Resources */ = {isa = PBXBuildFile; fileRef = B6E7F4C828F333BE0004B6BF /* Main.storyboard */; };
		B6E7F4CD28F333BF0004B6BF /* CS329E_Project.xcdatamodeld in Sources */ = {isa = PBXBuildFile; fileRef = B6E7F4CB28F333BF0004B6BF /* CS329E_Project.xcdatamodeld */; };
		B6E7F4CF28F333C30004B6BF /* Assets.xcassets in Resources */ = {isa = PBXBuildFile; fileRef = B6E7F4CE28F333C30004B6BF /* Assets.xcassets */; };
		B6E7F4D228F333C30004B6BF /* LaunchScreen.storyboard in Resources */ = {isa = PBXBuildFile; fileRef = B6E7F4D028F333C30004B6BF /* LaunchScreen.storyboard */; };
		B6E7F4DA28F3436C0004B6BF /* LoginPageViewController.swift in Sources */ = {isa = PBXBuildFile; fileRef = B6E7F4D928F3436C0004B6BF /* LoginPageViewController.swift */; };
		B6E7F4DC28F343830004B6BF /* CreateAccountViewController.swift in Sources */ = {isa = PBXBuildFile; fileRef = B6E7F4DB28F343830004B6BF /* CreateAccountViewController.swift */; };
		B6E7F4DE28F343D70004B6BF /* IndividualSettingsViewController.swift in Sources */ = {isa = PBXBuildFile; fileRef = B6E7F4DD28F343D70004B6BF /* IndividualSettingsViewController.swift */; };
		B6E7F4E028F344330004B6BF /* GroupSelectorViewController.swift in Sources */ = {isa = PBXBuildFile; fileRef = B6E7F4DF28F344330004B6BF /* GroupSelectorViewController.swift */; };
		B6E7F4E228F344580004B6BF /* CreateGroupViewController.swift in Sources */ = {isa = PBXBuildFile; fileRef = B6E7F4E128F344580004B6BF /* CreateGroupViewController.swift */; };
		B6E7F4E428F3446E0004B6BF /* JoinGroupViewController.swift in Sources */ = {isa = PBXBuildFile; fileRef = B6E7F4E328F3446E0004B6BF /* JoinGroupViewController.swift */; };
		B6E7F4E628F344970004B6BF /* GroupViewController.swift in Sources */ = {isa = PBXBuildFile; fileRef = B6E7F4E528F344970004B6BF /* GroupViewController.swift */; };
		B6E7F4E828F344B00004B6BF /* GroupSettingsViewController.swift in Sources */ = {isa = PBXBuildFile; fileRef = B6E7F4E728F344B00004B6BF /* GroupSettingsViewController.swift */; };
		B6E7F4EA28F344CE0004B6BF /* ShoppingListViewController.swift in Sources */ = {isa = PBXBuildFile; fileRef = B6E7F4E928F344CE0004B6BF /* ShoppingListViewController.swift */; };
		B6E7F4EC28F344FF0004B6BF /* ChoresViewController.swift in Sources */ = {isa = PBXBuildFile; fileRef = B6E7F4EB28F344FF0004B6BF /* ChoresViewController.swift */; };
		B6E7F4F028F3452F0004B6BF /* InventoryViewController.swift in Sources */ = {isa = PBXBuildFile; fileRef = B6E7F4EF28F3452F0004B6BF /* InventoryViewController.swift */; };
		B6E99D112935A305007871A2 /* appIcon.png in Resources */ = {isa = PBXBuildFile; fileRef = B6E99D102935A305007871A2 /* appIcon.png */; };
		FE183F7D29180E71001E83FA /* loadingViewController.swift in Sources */ = {isa = PBXBuildFile; fileRef = FE183F7C29180E71001E83FA /* loadingViewController.swift */; };
		FEB5599529256231009DE828 /* changePasswordViewController.swift in Sources */ = {isa = PBXBuildFile; fileRef = FEB5599429256231009DE828 /* changePasswordViewController.swift */; };
		FEB559BC2925F8FF009DE828 /* EKWrapper.swift in Sources */ = {isa = PBXBuildFile; fileRef = FEB559BB2925F8FF009DE828 /* EKWrapper.swift */; };
		FEB559BF2925F971009DE828 /* CalendarKit in Frameworks */ = {isa = PBXBuildFile; productRef = FEB559BE2925F971009DE828 /* CalendarKit */; };
/* End PBXBuildFile section */

/* Begin PBXFileReference section */
		28D2AED02919FCEE0022F654 /* ScannerViewController.swift */ = {isa = PBXFileReference; lastKnownFileType = sourcecode.swift; path = ScannerViewController.swift; sourceTree = "<group>"; };
		B600DC1828F9E6B2003DC276 /* GoogleService-Info.plist */ = {isa = PBXFileReference; fileEncoding = 4; lastKnownFileType = text.plist.xml; path = "GoogleService-Info.plist"; sourceTree = "<group>"; };
		B6E7F4BF28F333BE0004B6BF /* CS329E-Project.app */ = {isa = PBXFileReference; explicitFileType = wrapper.application; includeInIndex = 0; path = "CS329E-Project.app"; sourceTree = BUILT_PRODUCTS_DIR; };
		B6E7F4C228F333BE0004B6BF /* AppDelegate.swift */ = {isa = PBXFileReference; lastKnownFileType = sourcecode.swift; path = AppDelegate.swift; sourceTree = "<group>"; };
		B6E7F4C428F333BE0004B6BF /* SceneDelegate.swift */ = {isa = PBXFileReference; lastKnownFileType = sourcecode.swift; path = SceneDelegate.swift; sourceTree = "<group>"; };
		B6E7F4C928F333BE0004B6BF /* Base */ = {isa = PBXFileReference; lastKnownFileType = file.storyboard; name = Base; path = Base.lproj/Main.storyboard; sourceTree = "<group>"; };
		B6E7F4CC28F333BF0004B6BF /* CS329E_Project.xcdatamodel */ = {isa = PBXFileReference; lastKnownFileType = wrapper.xcdatamodel; path = CS329E_Project.xcdatamodel; sourceTree = "<group>"; };
		B6E7F4CE28F333C30004B6BF /* Assets.xcassets */ = {isa = PBXFileReference; lastKnownFileType = folder.assetcatalog; path = Assets.xcassets; sourceTree = "<group>"; };
		B6E7F4D128F333C30004B6BF /* Base */ = {isa = PBXFileReference; lastKnownFileType = file.storyboard; name = Base; path = Base.lproj/LaunchScreen.storyboard; sourceTree = "<group>"; };
		B6E7F4D328F333C30004B6BF /* Info.plist */ = {isa = PBXFileReference; lastKnownFileType = text.plist.xml; path = Info.plist; sourceTree = "<group>"; };
		B6E7F4D928F3436C0004B6BF /* LoginPageViewController.swift */ = {isa = PBXFileReference; lastKnownFileType = sourcecode.swift; path = LoginPageViewController.swift; sourceTree = "<group>"; };
		B6E7F4DB28F343830004B6BF /* CreateAccountViewController.swift */ = {isa = PBXFileReference; lastKnownFileType = sourcecode.swift; path = CreateAccountViewController.swift; sourceTree = "<group>"; };
		B6E7F4DD28F343D70004B6BF /* IndividualSettingsViewController.swift */ = {isa = PBXFileReference; lastKnownFileType = sourcecode.swift; path = IndividualSettingsViewController.swift; sourceTree = "<group>"; };
		B6E7F4DF28F344330004B6BF /* GroupSelectorViewController.swift */ = {isa = PBXFileReference; lastKnownFileType = sourcecode.swift; path = GroupSelectorViewController.swift; sourceTree = "<group>"; };
		B6E7F4E128F344580004B6BF /* CreateGroupViewController.swift */ = {isa = PBXFileReference; lastKnownFileType = sourcecode.swift; path = CreateGroupViewController.swift; sourceTree = "<group>"; };
		B6E7F4E328F3446E0004B6BF /* JoinGroupViewController.swift */ = {isa = PBXFileReference; lastKnownFileType = sourcecode.swift; path = JoinGroupViewController.swift; sourceTree = "<group>"; };
		B6E7F4E528F344970004B6BF /* GroupViewController.swift */ = {isa = PBXFileReference; lastKnownFileType = sourcecode.swift; path = GroupViewController.swift; sourceTree = "<group>"; };
		B6E7F4E728F344B00004B6BF /* GroupSettingsViewController.swift */ = {isa = PBXFileReference; lastKnownFileType = sourcecode.swift; path = GroupSettingsViewController.swift; sourceTree = "<group>"; };
		B6E7F4E928F344CE0004B6BF /* ShoppingListViewController.swift */ = {isa = PBXFileReference; lastKnownFileType = sourcecode.swift; path = ShoppingListViewController.swift; sourceTree = "<group>"; };
		B6E7F4EB28F344FF0004B6BF /* ChoresViewController.swift */ = {isa = PBXFileReference; lastKnownFileType = sourcecode.swift; path = ChoresViewController.swift; sourceTree = "<group>"; };
		B6E7F4EF28F3452F0004B6BF /* InventoryViewController.swift */ = {isa = PBXFileReference; lastKnownFileType = sourcecode.swift; path = InventoryViewController.swift; sourceTree = "<group>"; };
		B6E99D102935A305007871A2 /* appIcon.png */ = {isa = PBXFileReference; lastKnownFileType = image.png; path = appIcon.png; sourceTree = "<group>"; };
		FE183F7C29180E71001E83FA /* loadingViewController.swift */ = {isa = PBXFileReference; lastKnownFileType = sourcecode.swift; path = loadingViewController.swift; sourceTree = "<group>"; };
		FEB5599429256231009DE828 /* changePasswordViewController.swift */ = {isa = PBXFileReference; lastKnownFileType = sourcecode.swift; path = changePasswordViewController.swift; sourceTree = "<group>"; };
		FEB559BB2925F8FF009DE828 /* EKWrapper.swift */ = {isa = PBXFileReference; lastKnownFileType = sourcecode.swift; path = EKWrapper.swift; sourceTree = "<group>"; };
/* End PBXFileReference section */

/* Begin PBXFrameworksBuildPhase section */
		B6E7F4BC28F333BE0004B6BF /* Frameworks */ = {
			isa = PBXFrameworksBuildPhase;
			buildActionMask = 2147483647;
			files = (
				B600DC1C28F9E88E003DC276 /* FirebaseAuth in Frameworks */,
				FEB559BF2925F971009DE828 /* CalendarKit in Frameworks */,
				B6CFF39F29158B880074167D /* FirebaseFirestore in Frameworks */,
				B6B4A1B329218A8F000CD6DD /* FirebaseStorage in Frameworks */,
			);
			runOnlyForDeploymentPostprocessing = 0;
		};
/* End PBXFrameworksBuildPhase section */

/* Begin PBXGroup section */
		B6E7F4B628F333BE0004B6BF = {
			isa = PBXGroup;
			children = (
				B6E7F4C128F333BE0004B6BF /* CS329E-Project */,
				B6E7F4C028F333BE0004B6BF /* Products */,
				F56B082C2914C7F6001F2543 /* Frameworks */,
			);
			sourceTree = "<group>";
		};
		B6E7F4C028F333BE0004B6BF /* Products */ = {
			isa = PBXGroup;
			children = (
				B6E7F4BF28F333BE0004B6BF /* CS329E-Project.app */,
			);
			name = Products;
			sourceTree = "<group>";
		};
		B6E7F4C128F333BE0004B6BF /* CS329E-Project */ = {
			isa = PBXGroup;
			children = (
				B6E7F4C228F333BE0004B6BF /* AppDelegate.swift */,
				B6E7F4C428F333BE0004B6BF /* SceneDelegate.swift */,
				B6E7F4C828F333BE0004B6BF /* Main.storyboard */,
				FEB5599429256231009DE828 /* changePasswordViewController.swift */,
				28D2AED02919FCEE0022F654 /* ScannerViewController.swift */,
				B6E7F4D928F3436C0004B6BF /* LoginPageViewController.swift */,
				FE183F7C29180E71001E83FA /* loadingViewController.swift */,
				B6E7F4DB28F343830004B6BF /* CreateAccountViewController.swift */,
				B6E7F4DD28F343D70004B6BF /* IndividualSettingsViewController.swift */,
				B6E7F4DF28F344330004B6BF /* GroupSelectorViewController.swift */,
				B6E99D102935A305007871A2 /* appIcon.png */,
				B6E7F4E128F344580004B6BF /* CreateGroupViewController.swift */,
				B6E7F4E328F3446E0004B6BF /* JoinGroupViewController.swift */,
				B6E7F4E528F344970004B6BF /* GroupViewController.swift */,
				B6E7F4E728F344B00004B6BF /* GroupSettingsViewController.swift */,
				B6E7F4E928F344CE0004B6BF /* ShoppingListViewController.swift */,
				B6E7F4EB28F344FF0004B6BF /* ChoresViewController.swift */,
				FEB559BB2925F8FF009DE828 /* EKWrapper.swift */,
				B6E7F4EF28F3452F0004B6BF /* InventoryViewController.swift */,
				B600DC1828F9E6B2003DC276 /* GoogleService-Info.plist */,
				B6E7F4CE28F333C30004B6BF /* Assets.xcassets */,
				B6E7F4D028F333C30004B6BF /* LaunchScreen.storyboard */,
				B6E7F4D328F333C30004B6BF /* Info.plist */,
				B6E7F4CB28F333BF0004B6BF /* CS329E_Project.xcdatamodeld */,
			);
			path = "CS329E-Project";
			sourceTree = "<group>";
		};
		F56B082C2914C7F6001F2543 /* Frameworks */ = {
			isa = PBXGroup;
			children = (
			);
			name = Frameworks;
			sourceTree = "<group>";
		};
/* End PBXGroup section */

/* Begin PBXNativeTarget section */
		B6E7F4BE28F333BE0004B6BF /* CS329E-Project */ = {
			isa = PBXNativeTarget;
			buildConfigurationList = B6E7F4D628F333C30004B6BF /* Build configuration list for PBXNativeTarget "CS329E-Project" */;
			buildPhases = (
				B6E7F4BB28F333BE0004B6BF /* Sources */,
				B6E7F4BC28F333BE0004B6BF /* Frameworks */,
				B6E7F4BD28F333BE0004B6BF /* Resources */,
			);
			buildRules = (
			);
			dependencies = (
			);
			name = "CS329E-Project";
			packageProductDependencies = (
				B600DC1B28F9E88E003DC276 /* FirebaseAuth */,
				B6CFF39E29158B880074167D /* FirebaseFirestore */,
				B6B4A1B229218A8F000CD6DD /* FirebaseStorage */,
				FEB559BE2925F971009DE828 /* CalendarKit */,
			);
			productName = "CS329E-Project";
			productReference = B6E7F4BF28F333BE0004B6BF /* CS329E-Project.app */;
			productType = "com.apple.product-type.application";
		};
/* End PBXNativeTarget section */

/* Begin PBXProject section */
		B6E7F4B728F333BE0004B6BF /* Project object */ = {
			isa = PBXProject;
			attributes = {
				BuildIndependentTargetsInParallel = 1;
				LastSwiftUpdateCheck = 1400;
				LastUpgradeCheck = 1400;
				TargetAttributes = {
					B6E7F4BE28F333BE0004B6BF = {
						CreatedOnToolsVersion = 14.0.1;
					};
				};
			};
			buildConfigurationList = B6E7F4BA28F333BE0004B6BF /* Build configuration list for PBXProject "CS329E-Project" */;
			compatibilityVersion = "Xcode 14.0";
			developmentRegion = en;
			hasScannedForEncodings = 0;
			knownRegions = (
				en,
				Base,
			);
			mainGroup = B6E7F4B628F333BE0004B6BF;
			packageReferences = (
				B600DC1A28F9E88E003DC276 /* XCRemoteSwiftPackageReference "firebase-ios-sdk" */,
				FEB559BD2925F970009DE828 /* XCRemoteSwiftPackageReference "CalendarKit" */,
			);
			productRefGroup = B6E7F4C028F333BE0004B6BF /* Products */;
			projectDirPath = "";
			projectRoot = "";
			targets = (
				B6E7F4BE28F333BE0004B6BF /* CS329E-Project */,
			);
		};
/* End PBXProject section */

/* Begin PBXResourcesBuildPhase section */
		B6E7F4BD28F333BE0004B6BF /* Resources */ = {
			isa = PBXResourcesBuildPhase;
			buildActionMask = 2147483647;
			files = (
				B6E7F4D228F333C30004B6BF /* LaunchScreen.storyboard in Resources */,
				B600DC1928F9E6B2003DC276 /* GoogleService-Info.plist in Resources */,
				B6E7F4CF28F333C30004B6BF /* Assets.xcassets in Resources */,
				B6E7F4CA28F333BE0004B6BF /* Main.storyboard in Resources */,
				B6E99D112935A305007871A2 /* appIcon.png in Resources */,
			);
			runOnlyForDeploymentPostprocessing = 0;
		};
/* End PBXResourcesBuildPhase section */

/* Begin PBXSourcesBuildPhase section */
		B6E7F4BB28F333BE0004B6BF /* Sources */ = {
			isa = PBXSourcesBuildPhase;
			buildActionMask = 2147483647;
			files = (
				FE183F7D29180E71001E83FA /* loadingViewController.swift in Sources */,
				B6E7F4DC28F343830004B6BF /* CreateAccountViewController.swift in Sources */,
				B6E7F4C328F333BE0004B6BF /* AppDelegate.swift in Sources */,
				28D2AED12919FCEE0022F654 /* ScannerViewController.swift in Sources */,
				FEB5599529256231009DE828 /* changePasswordViewController.swift in Sources */,
				FEB559BC2925F8FF009DE828 /* EKWrapper.swift in Sources */,
				B6E7F4E828F344B00004B6BF /* GroupSettingsViewController.swift in Sources */,
				B6E7F4E628F344970004B6BF /* GroupViewController.swift in Sources */,
				B6E7F4F028F3452F0004B6BF /* InventoryViewController.swift in Sources */,
				B6E7F4E028F344330004B6BF /* GroupSelectorViewController.swift in Sources */,
				B6E7F4CD28F333BF0004B6BF /* CS329E_Project.xcdatamodeld in Sources */,
				B6E7F4E228F344580004B6BF /* CreateGroupViewController.swift in Sources */,
				B6E7F4DA28F3436C0004B6BF /* LoginPageViewController.swift in Sources */,
				B6E7F4DE28F343D70004B6BF /* IndividualSettingsViewController.swift in Sources */,
				B6E7F4EC28F344FF0004B6BF /* ChoresViewController.swift in Sources */,
				B6E7F4EA28F344CE0004B6BF /* ShoppingListViewController.swift in Sources */,
				B6E7F4E428F3446E0004B6BF /* JoinGroupViewController.swift in Sources */,
				B6E7F4C528F333BE0004B6BF /* SceneDelegate.swift in Sources */,
			);
			runOnlyForDeploymentPostprocessing = 0;
		};
/* End PBXSourcesBuildPhase section */

/* Begin PBXVariantGroup section */
		B6E7F4C828F333BE0004B6BF /* Main.storyboard */ = {
			isa = PBXVariantGroup;
			children = (
				B6E7F4C928F333BE0004B6BF /* Base */,
			);
			name = Main.storyboard;
			sourceTree = "<group>";
		};
		B6E7F4D028F333C30004B6BF /* LaunchScreen.storyboard */ = {
			isa = PBXVariantGroup;
			children = (
				B6E7F4D128F333C30004B6BF /* Base */,
			);
			name = LaunchScreen.storyboard;
			sourceTree = "<group>";
		};
/* End PBXVariantGroup section */

/* Begin XCBuildConfiguration section */
		B6E7F4D428F333C30004B6BF /* Debug */ = {
			isa = XCBuildConfiguration;
			buildSettings = {
				ALWAYS_SEARCH_USER_PATHS = NO;
				CLANG_ANALYZER_NONNULL = YES;
				CLANG_ANALYZER_NUMBER_OBJECT_CONVERSION = YES_AGGRESSIVE;
				CLANG_CXX_LANGUAGE_STANDARD = "gnu++20";
				CLANG_ENABLE_MODULES = YES;
				CLANG_ENABLE_OBJC_ARC = YES;
				CLANG_ENABLE_OBJC_WEAK = YES;
				CLANG_WARN_BLOCK_CAPTURE_AUTORELEASING = YES;
				CLANG_WARN_BOOL_CONVERSION = YES;
				CLANG_WARN_COMMA = YES;
				CLANG_WARN_CONSTANT_CONVERSION = YES;
				CLANG_WARN_DEPRECATED_OBJC_IMPLEMENTATIONS = YES;
				CLANG_WARN_DIRECT_OBJC_ISA_USAGE = YES_ERROR;
				CLANG_WARN_DOCUMENTATION_COMMENTS = YES;
				CLANG_WARN_EMPTY_BODY = YES;
				CLANG_WARN_ENUM_CONVERSION = YES;
				CLANG_WARN_INFINITE_RECURSION = YES;
				CLANG_WARN_INT_CONVERSION = YES;
				CLANG_WARN_NON_LITERAL_NULL_CONVERSION = YES;
				CLANG_WARN_OBJC_IMPLICIT_RETAIN_SELF = YES;
				CLANG_WARN_OBJC_LITERAL_CONVERSION = YES;
				CLANG_WARN_OBJC_ROOT_CLASS = YES_ERROR;
				CLANG_WARN_QUOTED_INCLUDE_IN_FRAMEWORK_HEADER = YES;
				CLANG_WARN_RANGE_LOOP_ANALYSIS = YES;
				CLANG_WARN_STRICT_PROTOTYPES = YES;
				CLANG_WARN_SUSPICIOUS_MOVE = YES;
				CLANG_WARN_UNGUARDED_AVAILABILITY = YES_AGGRESSIVE;
				CLANG_WARN_UNREACHABLE_CODE = YES;
				CLANG_WARN__DUPLICATE_METHOD_MATCH = YES;
				COPY_PHASE_STRIP = NO;
				DEBUG_INFORMATION_FORMAT = dwarf;
				ENABLE_STRICT_OBJC_MSGSEND = YES;
				ENABLE_TESTABILITY = YES;
				GCC_C_LANGUAGE_STANDARD = gnu11;
				GCC_DYNAMIC_NO_PIC = NO;
				GCC_NO_COMMON_BLOCKS = YES;
				GCC_OPTIMIZATION_LEVEL = 0;
				GCC_PREPROCESSOR_DEFINITIONS = (
					"DEBUG=1",
					"$(inherited)",
				);
				GCC_WARN_64_TO_32_BIT_CONVERSION = YES;
				GCC_WARN_ABOUT_RETURN_TYPE = YES_ERROR;
				GCC_WARN_UNDECLARED_SELECTOR = YES;
				GCC_WARN_UNINITIALIZED_AUTOS = YES_AGGRESSIVE;
				GCC_WARN_UNUSED_FUNCTION = YES;
				GCC_WARN_UNUSED_VARIABLE = YES;
				IPHONEOS_DEPLOYMENT_TARGET = 16.0;
				MTL_ENABLE_DEBUG_INFO = INCLUDE_SOURCE;
				MTL_FAST_MATH = YES;
				ONLY_ACTIVE_ARCH = YES;
				SDKROOT = iphoneos;
				SWIFT_ACTIVE_COMPILATION_CONDITIONS = DEBUG;
				SWIFT_OPTIMIZATION_LEVEL = "-Onone";
			};
			name = Debug;
		};
		B6E7F4D528F333C30004B6BF /* Release */ = {
			isa = XCBuildConfiguration;
			buildSettings = {
				ALWAYS_SEARCH_USER_PATHS = NO;
				CLANG_ANALYZER_NONNULL = YES;
				CLANG_ANALYZER_NUMBER_OBJECT_CONVERSION = YES_AGGRESSIVE;
				CLANG_CXX_LANGUAGE_STANDARD = "gnu++20";
				CLANG_ENABLE_MODULES = YES;
				CLANG_ENABLE_OBJC_ARC = YES;
				CLANG_ENABLE_OBJC_WEAK = YES;
				CLANG_WARN_BLOCK_CAPTURE_AUTORELEASING = YES;
				CLANG_WARN_BOOL_CONVERSION = YES;
				CLANG_WARN_COMMA = YES;
				CLANG_WARN_CONSTANT_CONVERSION = YES;
				CLANG_WARN_DEPRECATED_OBJC_IMPLEMENTATIONS = YES;
				CLANG_WARN_DIRECT_OBJC_ISA_USAGE = YES_ERROR;
				CLANG_WARN_DOCUMENTATION_COMMENTS = YES;
				CLANG_WARN_EMPTY_BODY = YES;
				CLANG_WARN_ENUM_CONVERSION = YES;
				CLANG_WARN_INFINITE_RECURSION = YES;
				CLANG_WARN_INT_CONVERSION = YES;
				CLANG_WARN_NON_LITERAL_NULL_CONVERSION = YES;
				CLANG_WARN_OBJC_IMPLICIT_RETAIN_SELF = YES;
				CLANG_WARN_OBJC_LITERAL_CONVERSION = YES;
				CLANG_WARN_OBJC_ROOT_CLASS = YES_ERROR;
				CLANG_WARN_QUOTED_INCLUDE_IN_FRAMEWORK_HEADER = YES;
				CLANG_WARN_RANGE_LOOP_ANALYSIS = YES;
				CLANG_WARN_STRICT_PROTOTYPES = YES;
				CLANG_WARN_SUSPICIOUS_MOVE = YES;
				CLANG_WARN_UNGUARDED_AVAILABILITY = YES_AGGRESSIVE;
				CLANG_WARN_UNREACHABLE_CODE = YES;
				CLANG_WARN__DUPLICATE_METHOD_MATCH = YES;
				COPY_PHASE_STRIP = NO;
				DEBUG_INFORMATION_FORMAT = "dwarf-with-dsym";
				ENABLE_NS_ASSERTIONS = NO;
				ENABLE_STRICT_OBJC_MSGSEND = YES;
				GCC_C_LANGUAGE_STANDARD = gnu11;
				GCC_NO_COMMON_BLOCKS = YES;
				GCC_WARN_64_TO_32_BIT_CONVERSION = YES;
				GCC_WARN_ABOUT_RETURN_TYPE = YES_ERROR;
				GCC_WARN_UNDECLARED_SELECTOR = YES;
				GCC_WARN_UNINITIALIZED_AUTOS = YES_AGGRESSIVE;
				GCC_WARN_UNUSED_FUNCTION = YES;
				GCC_WARN_UNUSED_VARIABLE = YES;
				IPHONEOS_DEPLOYMENT_TARGET = 16.0;
				MTL_ENABLE_DEBUG_INFO = NO;
				MTL_FAST_MATH = YES;
				SDKROOT = iphoneos;
				SWIFT_COMPILATION_MODE = wholemodule;
				SWIFT_OPTIMIZATION_LEVEL = "-O";
				VALIDATE_PRODUCT = YES;
			};
			name = Release;
		};
		B6E7F4D728F333C30004B6BF /* Debug */ = {
			isa = XCBuildConfiguration;
			buildSettings = {
				ASSETCATALOG_COMPILER_APPICON_NAME = AppIcon;
				ASSETCATALOG_COMPILER_GLOBAL_ACCENT_COLOR_NAME = AccentColor;
				CODE_SIGN_STYLE = Automatic;
				CURRENT_PROJECT_VERSION = 1;
				DEVELOPMENT_TEAM = PF649764LT;
				GENERATE_INFOPLIST_FILE = YES;
				INFOPLIST_FILE = "CS329E-Project/Info.plist";
				INFOPLIST_KEY_CFBundleDisplayName = Homebase;
				INFOPLIST_KEY_LSApplicationCategoryType = "public.app-category.productivity";
				INFOPLIST_KEY_NSCalendarsUsageDescription = "Please allow Homebase to use the calendar.";
				INFOPLIST_KEY_NSCameraUsageDescription = "Please allow Homebase to use the camera.";
				INFOPLIST_KEY_NSPhotoLibraryAddUsageDescription = "Please allow access to select a profile picture";
				INFOPLIST_KEY_UIApplicationSupportsIndirectInputEvents = YES;
				INFOPLIST_KEY_UILaunchStoryboardName = LaunchScreen;
				INFOPLIST_KEY_UIMainStoryboardFile = Main;
				INFOPLIST_KEY_UIRequiresFullScreen = YES;
				INFOPLIST_KEY_UISupportedInterfaceOrientations = UIInterfaceOrientationPortrait;
				IPHONEOS_DEPLOYMENT_TARGET = 16.0;
				LD_RUNPATH_SEARCH_PATHS = (
					"$(inherited)",
					"@executable_path/Frameworks",
				);
				MARKETING_VERSION = 1.0;
				PRODUCT_BUNDLE_IDENTIFIER = "CS329-Project";
				PRODUCT_NAME = "$(TARGET_NAME)";
				SWIFT_EMIT_LOC_STRINGS = YES;
				SWIFT_VERSION = 5.0;
				TARGETED_DEVICE_FAMILY = "1,2";
			};
			name = Debug;
		};
		B6E7F4D828F333C30004B6BF /* Release */ = {
			isa = XCBuildConfiguration;
			buildSettings = {
				ASSETCATALOG_COMPILER_APPICON_NAME = AppIcon;
				ASSETCATALOG_COMPILER_GLOBAL_ACCENT_COLOR_NAME = AccentColor;
				CODE_SIGN_STYLE = Automatic;
				CURRENT_PROJECT_VERSION = 1;
				DEVELOPMENT_TEAM = PF649764LT;
				GENERATE_INFOPLIST_FILE = YES;
				INFOPLIST_FILE = "CS329E-Project/Info.plist";
				INFOPLIST_KEY_CFBundleDisplayName = Homebase;
				INFOPLIST_KEY_LSApplicationCategoryType = "public.app-category.productivity";
				INFOPLIST_KEY_NSCalendarsUsageDescription = "Please allow Homebase to use the calendar.";
				INFOPLIST_KEY_NSCameraUsageDescription = "Please allow Homebase to use the camera.";
				INFOPLIST_KEY_NSPhotoLibraryAddUsageDescription = "Please allow access to select a profile picture";
				INFOPLIST_KEY_UIApplicationSupportsIndirectInputEvents = YES;
				INFOPLIST_KEY_UILaunchStoryboardName = LaunchScreen;
				INFOPLIST_KEY_UIMainStoryboardFile = Main;
				INFOPLIST_KEY_UIRequiresFullScreen = YES;
				INFOPLIST_KEY_UISupportedInterfaceOrientations = UIInterfaceOrientationPortrait;
				IPHONEOS_DEPLOYMENT_TARGET = 16.0;
				LD_RUNPATH_SEARCH_PATHS = (
					"$(inherited)",
					"@executable_path/Frameworks",
				);
				MARKETING_VERSION = 1.0;
				PRODUCT_BUNDLE_IDENTIFIER = "CS329-Project";
				PRODUCT_NAME = "$(TARGET_NAME)";
				SWIFT_EMIT_LOC_STRINGS = YES;
				SWIFT_VERSION = 5.0;
				TARGETED_DEVICE_FAMILY = "1,2";
			};
			name = Release;
		};
/* End XCBuildConfiguration section */

/* Begin XCConfigurationList section */
		B6E7F4BA28F333BE0004B6BF /* Build configuration list for PBXProject "CS329E-Project" */ = {
			isa = XCConfigurationList;
			buildConfigurations = (
				B6E7F4D428F333C30004B6BF /* Debug */,
				B6E7F4D528F333C30004B6BF /* Release */,
			);
			defaultConfigurationIsVisible = 0;
			defaultConfigurationName = Release;
		};
		B6E7F4D628F333C30004B6BF /* Build configuration list for PBXNativeTarget "CS329E-Project" */ = {
			isa = XCConfigurationList;
			buildConfigurations = (
				B6E7F4D728F333C30004B6BF /* Debug */,
				B6E7F4D828F333C30004B6BF /* Release */,
			);
			defaultConfigurationIsVisible = 0;
			defaultConfigurationName = Release;
		};
/* End XCConfigurationList section */

/* Begin XCRemoteSwiftPackageReference section */
		B600DC1A28F9E88E003DC276 /* XCRemoteSwiftPackageReference "firebase-ios-sdk" */ = {
			isa = XCRemoteSwiftPackageReference;
			repositoryURL = "https://github.com/firebase/firebase-ios-sdk";
			requirement = {
				kind = upToNextMajorVersion;
				minimumVersion = 9.0.0;
			};
		};
		FEB559BD2925F970009DE828 /* XCRemoteSwiftPackageReference "CalendarKit" */ = {
			isa = XCRemoteSwiftPackageReference;
			repositoryURL = "https://github.com/richardtop/CalendarKit.git";
			requirement = {
				kind = upToNextMajorVersion;
				minimumVersion = 1.0.8;
			};
		};
/* End XCRemoteSwiftPackageReference section */

/* Begin XCSwiftPackageProductDependency section */
		B600DC1B28F9E88E003DC276 /* FirebaseAuth */ = {
			isa = XCSwiftPackageProductDependency;
			package = B600DC1A28F9E88E003DC276 /* XCRemoteSwiftPackageReference "firebase-ios-sdk" */;
			productName = FirebaseAuth;
		};
		B6B4A1B229218A8F000CD6DD /* FirebaseStorage */ = {
			isa = XCSwiftPackageProductDependency;
			package = B600DC1A28F9E88E003DC276 /* XCRemoteSwiftPackageReference "firebase-ios-sdk" */;
			productName = FirebaseStorage;
		};
		B6CFF39E29158B880074167D /* FirebaseFirestore */ = {
			isa = XCSwiftPackageProductDependency;
			package = B600DC1A28F9E88E003DC276 /* XCRemoteSwiftPackageReference "firebase-ios-sdk" */;
			productName = FirebaseFirestore;
		};
		FEB559BE2925F971009DE828 /* CalendarKit */ = {
			isa = XCSwiftPackageProductDependency;
			package = FEB559BD2925F970009DE828 /* XCRemoteSwiftPackageReference "CalendarKit" */;
			productName = CalendarKit;
		};
/* End XCSwiftPackageProductDependency section */

/* Begin XCVersionGroup section */
		B6E7F4CB28F333BF0004B6BF /* CS329E_Project.xcdatamodeld */ = {
			isa = XCVersionGroup;
			children = (
				B6E7F4CC28F333BF0004B6BF /* CS329E_Project.xcdatamodel */,
			);
			currentVersion = B6E7F4CC28F333BF0004B6BF /* CS329E_Project.xcdatamodel */;
			path = CS329E_Project.xcdatamodeld;
			sourceTree = "<group>";
			versionGroupType = wrapper.xcdatamodel;
		};
/* End XCVersionGroup section */
	};
	rootObject = B6E7F4B728F333BE0004B6BF /* Project object */;
}
